<?xml version="1.0" encoding="utf-8"?>
<Project ToolsVersion="4.0" xmlns="http://schemas.microsoft.com/developer/msbuild/2003">
  <ItemGroup>
    <Filter Include="Source Files">
      <UniqueIdentifier>{4FC737F1-C7A5-4376-A066-2A32D752A2FF}</UniqueIdentifier>
      <Extensions>cpp;c;cc;cxx;c++;cppm;ixx;def;odl;idl;hpj;bat;asm;asmx</Extensions>
    </Filter>
    <Filter Include="Header Files">
      <UniqueIdentifier>{93995380-89BD-4b04-88EB-625FBE52EBFB}</UniqueIdentifier>
      <Extensions>h;hh;hpp;hxx;h++;hm;inl;inc;ipp;xsd</Extensions>
    </Filter>
    <Filter Include="Resource Files">
      <UniqueIdentifier>{67DA6AB6-F800-4c08-8B7A-83BB121AAD01}</UniqueIdentifier>
      <Extensions>rc;ico;cur;bmp;dlg;rc2;rct;bin;rgs;gif;jpg;jpeg;jpe;resx;tiff;tif;png;wav;mfcribbon-ms</Extensions>
    </Filter>
    <Filter Include="3rdparty">
      <UniqueIdentifier>{03cb5091-641c-42c5-a3e9-c8568b33095c}</UniqueIdentifier>
    </Filter>
    <Filter Include="3rdparty\imgui-1.82">
      <UniqueIdentifier>{719249ed-f2c9-4436-ad0a-3f06b265f5dc}</UniqueIdentifier>
    </Filter>
    <Filter Include="3rdparty\imgui-1.82\backends">
      <UniqueIdentifier>{1a3077af-d878-4aff-997e-6b0d07a5298e}</UniqueIdentifier>
    </Filter>
    <Filter Include="3rdparty\imgui-1.82\include">
      <UniqueIdentifier>{384a1665-79b5-4700-80e8-5df98d642c34}</UniqueIdentifier>
    </Filter>
    <Filter Include="3rdparty\imgui-1.82\src">
      <UniqueIdentifier>{66f7a13b-f2ac-4446-9e00-dfe80501732d}</UniqueIdentifier>
    </Filter>
    <Filter Include="3rdparty\glfreetype">
      <UniqueIdentifier>{7f356896-0d7f-420d-8e52-3824a4c67fc0}</UniqueIdentifier>
    </Filter>
    <Filter Include="3rdparty\glfreetype\include">
      <UniqueIdentifier>{95560201-52ec-44bf-87be-e2ea86b20e51}</UniqueIdentifier>
    </Filter>
    <Filter Include="3rdparty\glfreetype\src">
      <UniqueIdentifier>{dca14b99-483b-4ae4-b644-2db74afa72fe}</UniqueIdentifier>
    </Filter>
  </ItemGroup>
  <ItemGroup>
    <ClInclude Include="framework.h">
      <Filter>Header Files</Filter>
    </ClInclude>
    <ClInclude Include="pch.h">
      <Filter>Header Files</Filter>
    </ClInclude>
    <ClInclude Include="include\glwnd\geometry.h">
      <Filter>Header Files</Filter>
    </ClInclude>
    <ClInclude Include="include\glwnd\glwnd.h">
      <Filter>Header Files</Filter>
    </ClInclude>
    <ClInclude Include="include\glwnd\utils.h">
      <Filter>Header Files</Filter>
    </ClInclude>
    <ClInclude Include="include\glwnd\vbo.h">
      <Filter>Header Files</Filter>
    </ClInclude>
    <ClInclude Include="include\glwnd\linmath.h">
      <Filter>Header Files</Filter>
    </ClInclude>
    <ClInclude Include="include\glwnd\pbo.h">
      <Filter>Header Files</Filter>
    </ClInclude>
    <ClInclude Include="3rdparty\imgui-1.82\imstb_truetype.h">
      <Filter>3rdparty\imgui-1.82\include</Filter>
    </ClInclude>
    <ClInclude Include="3rdparty\imgui-1.82\imstb_rectpack.h">
      <Filter>3rdparty\imgui-1.82\include</Filter>
    </ClInclude>
    <ClInclude Include="3rdparty\imgui-1.82\imstb_textedit.h">
      <Filter>3rdparty\imgui-1.82\include</Filter>
    </ClInclude>
    <ClInclude Include="3rdparty\imgui-1.82\imgui_internal.h">
      <Filter>3rdparty\imgui-1.82\include</Filter>
    </ClInclude>
    <ClInclude Include="3rdparty\imgui-1.82\imgui.h">
      <Filter>3rdparty\imgui-1.82\include</Filter>
    </ClInclude>
    <ClInclude Include="3rdparty\imgui-1.82\imconfig.h">
      <Filter>3rdparty\imgui-1.82\include</Filter>
    </ClInclude>
    <ClInclude Include="include\glwnd\text.h">
      <Filter>Header Files</Filter>
    </ClInclude>
    <ClInclude Include="include\glwnd\types.h">
      <Filter>Header Files</Filter>
    </ClInclude>
    <ClInclude Include="include\glwnd\viewport.h">
      <Filter>Header Files</Filter>
    </ClInclude>
    <ClInclude Include="3rdparty\glfreetype\TextRenderer.hpp">
      <Filter>3rdparty\glfreetype\include</Filter>
    </ClInclude>
  </ItemGroup>
  <ItemGroup>
    <ClCompile Include="pch.cpp">
      <Filter>Source Files</Filter>
    </ClCompile>
    <ClCompile Include="src\glwnd.cpp">
      <Filter>Source Files</Filter>
    </ClCompile>
    <ClCompile Include="src\utils.cpp">
      <Filter>Source Files</Filter>
    </ClCompile>
    <ClCompile Include="src\vbo.cpp">
      <Filter>Source Files</Filter>
    </ClCompile>
    <ClCompile Include="src\pbo.cpp">
      <Filter>Source Files</Filter>
    </ClCompile>
    <ClCompile Include="3rdparty\imgui-1.82\backends\imgui_impl_opengl3.cpp">
      <Filter>3rdparty\imgui-1.82\backends</Filter>
    </ClCompile>
    <ClCompile Include="3rdparty\imgui-1.82\backends\imgui_impl_glfw.cpp">
      <Filter>3rdparty\imgui-1.82\backends</Filter>
    </ClCompile>
    <ClCompile Include="3rdparty\imgui-1.82\imgui.cpp">
      <Filter>3rdparty\imgui-1.82\src</Filter>
    </ClCompile>
    <ClCompile Include="3rdparty\imgui-1.82\imgui_demo.cpp">
      <Filter>3rdparty\imgui-1.82\src</Filter>
    </ClCompile>
    <ClCompile Include="3rdparty\imgui-1.82\imgui_draw.cpp">
      <Filter>3rdparty\imgui-1.82\src</Filter>
    </ClCompile>
    <ClCompile Include="3rdparty\imgui-1.82\imgui_tables.cpp">
      <Filter>3rdparty\imgui-1.82\src</Filter>
    </ClCompile>
    <ClCompile Include="3rdparty\imgui-1.82\imgui_widgets.cpp">
      <Filter>3rdparty\imgui-1.82\src</Filter>
    </ClCompile>
    <ClCompile Include="src\debug.inl">
      <Filter>Source Files</Filter>
    </ClCompile>
    <ClCompile Include="src\text.cpp">
      <Filter>Source Files</Filter>
    </ClCompile>
    <ClCompile Include="src\viewport.cpp">
      <Filter>Source Files</Filter>
    </ClCompile>
    <ClCompile Include="3rdparty\glfreetype\TextRenderer.cpp">
      <Filter>3rdparty\glfreetype\src</Filter>
    </ClCompile>
  </ItemGroup>
  <ItemGroup>
    <None Include="include\glwnd\glwnd">
      <Filter>Header Files</Filter>
    </None>
  </ItemGroup>
</Project>